
Microsoft Visual Studio Solution File, Format Version 12.00
# Visual Studio Version 17
VisualStudioVersion = 17.1.32210.238
MinimumVisualStudioVersion = 10.0.40219.1
Project("{2150E333-8FDC-42A3-9474-1A3956D46DE8}") = "ShopMangement", "ShopMangement", "{56D4EF89-09DA-4876-8F4B-63F9033AA158}"
EndProject
Project("{2150E333-8FDC-42A3-9474-1A3956D46DE8}") = "SM.Domain", "SM.Domain", "{4330FE96-2FEF-4FB9-9DFA-F2F5AA01241E}"
EndProject
Project("{9A19103F-16F7-4668-BE54-9A1E7A4F7556}") = "ShopManagement.Domain", "ShopManagement.Domain\ShopManagement.Domain.csproj", "{DDD2F3D5-4993-4163-8793-D68D92A7B4F5}"
EndProject
Project("{9A19103F-16F7-4668-BE54-9A1E7A4F7556}") = "0_Framework", "0_Framework\0_Framework.csproj", "{2D52C425-4D17-49E8-9268-8B321DA6EEE7}"
EndProject
Project("{2150E333-8FDC-42A3-9474-1A3956D46DE8}") = "Sm.Application", "Sm.Application", "{849D2849-1D6F-41F7-9205-DE42AD44AD19}"
EndProject
Project("{9A19103F-16F7-4668-BE54-9A1E7A4F7556}") = "ShopManagement.Application.Contracts", "ShopManagement.Application.Contracts\ShopManagement.Application.Contracts.csproj", "{0E1E68D6-1FFF-4216-BE17-1566C87828AA}"
EndProject
Project("{9A19103F-16F7-4668-BE54-9A1E7A4F7556}") = "ShopManagement.Application", "ShopManagement.Application\ShopManagement.Application.csproj", "{16F67646-C7D8-4B7E-8DF5-0F219A6556F3}"
EndProject
Project("{2150E333-8FDC-42A3-9474-1A3956D46DE8}") = "Sm.Infrastructure", "Sm.Infrastructure", "{DAF74AF4-32A7-4B73-948F-713D53DD6568}"
EndProject
Project("{9A19103F-16F7-4668-BE54-9A1E7A4F7556}") = "ShopManagement.Infrastructure.EFCore", "ShopManagement.Infrastructure.EFCore\ShopManagement.Infrastructure.EFCore.csproj", "{2FF2B800-21DD-4CD1-A595-E2C24287642E}"
EndProject
Project("{2150E333-8FDC-42A3-9474-1A3956D46DE8}") = "Solution Items", "Solution Items", "{669CC4B9-6D2F-458F-870F-55AB48A6C9AE}"
	ProjectSection(SolutionItems) = preProject
		.editorconfig = .editorconfig
	EndProjectSection
EndProject
Project("{9A19103F-16F7-4668-BE54-9A1E7A4F7556}") = "ShopManagement.Configuration", "ShopManagement.Configuration\ShopManagement.Configuration.csproj", "{0EE2BC42-3F0B-4871-A93C-8230C0E4540D}"
EndProject
Project("{9A19103F-16F7-4668-BE54-9A1E7A4F7556}") = "ServiceHost", "ServiceHost\ServiceHost.csproj", "{1EF4EF6C-479B-4748-A7B4-4DBEBE653FF9}"
EndProject
Project("{2150E333-8FDC-42A3-9474-1A3956D46DE8}") = "LamshadeQuery", "LamshadeQuery", "{32075E7D-AF4A-43A2-ADC0-B04521D14333}"
EndProject
Project("{9A19103F-16F7-4668-BE54-9A1E7A4F7556}") = "LampshadeQuery", "LampshadeQuery\LampshadeQuery.csproj", "{1628051F-9049-4FF3-9056-4F5192C58C28}"
EndProject
Project("{2150E333-8FDC-42A3-9474-1A3956D46DE8}") = "DiscountManagement", "DiscountManagement", "{3FED1AB5-93D5-4213-9B50-EEBF5BFD9A17}"
EndProject
Project("{2150E333-8FDC-42A3-9474-1A3956D46DE8}") = "Dm.Domain", "Dm.Domain", "{439DE7AA-95E9-42BF-A60C-DB59B0402B45}"
EndProject
Project("{9A19103F-16F7-4668-BE54-9A1E7A4F7556}") = "DiscountManagement.Domain", "DiscountManagement.Domain\DiscountManagement.Domain.csproj", "{4C4EEC90-0EB5-4580-A0F7-AEC5DAA35BDC}"
EndProject
Project("{2150E333-8FDC-42A3-9474-1A3956D46DE8}") = "Dm.Application", "Dm.Application", "{D767D256-E413-48C9-941E-37F3CFC96C54}"
EndProject
Project("{9A19103F-16F7-4668-BE54-9A1E7A4F7556}") = "DiscountManagement.Application.Contract", "DiscountManagement.Application.Contract\DiscountManagement.Application.Contract.csproj", "{BE0FD378-F99A-4C96-B669-54BF2E0974C8}"
EndProject
Project("{9A19103F-16F7-4668-BE54-9A1E7A4F7556}") = "DiscountManagement.Application", "DiscountCustomerApplication\DiscountManagement.Application.csproj", "{DE740E97-B4D1-404F-AC51-31580AF5A1E1}"
EndProject
Project("{2150E333-8FDC-42A3-9474-1A3956D46DE8}") = "Dm.Infrastucture", "Dm.Infrastucture", "{38D1C9A2-160C-4009-A95E-FFA0C6C56629}"
EndProject
Project("{9A19103F-16F7-4668-BE54-9A1E7A4F7556}") = "DiscountManagement.Infrastructure.EfCore", "DiscountManagement.Infrastucture.EfCore\DiscountManagement.Infrastructure.EfCore.csproj", "{CC547BC4-8D80-4F16-8975-98E8B56CBEC6}"
EndProject
Project("{9A19103F-16F7-4668-BE54-9A1E7A4F7556}") = "DiscountManagement.Configuration", "DiscountManagement.Configuration\DiscountManagement.Configuration.csproj", "{F43D0785-2BEA-4D98-B838-D9E9F39F2B3A}"
EndProject
Project("{2150E333-8FDC-42A3-9474-1A3956D46DE8}") = "InventoryManagement", "InventoryManagement", "{9D19F309-3B13-42C3-954C-754877774793}"
EndProject
Project("{2150E333-8FDC-42A3-9474-1A3956D46DE8}") = "IM.Domain", "IM.Domain", "{E9894CE2-8BC6-43D9-98FA-D41019BE663D}"
EndProject
Project("{9A19103F-16F7-4668-BE54-9A1E7A4F7556}") = "InventoryManagement.Domain", "InventoryManagement.Domain\InventoryManagement.Domain.csproj", "{B5F59A30-AB26-4728-A9DD-F899BC4D8F0F}"
EndProject
Project("{2150E333-8FDC-42A3-9474-1A3956D46DE8}") = "IM.Application", "IM.Application", "{83370A2C-26FD-4853-940D-C81C58868324}"
EndProject
Project("{FAE04EC0-301F-11D3-BF4B-00C04F79EFBC}") = "InventoryManagement.Application", "InventoryManagement.Application\InventoryManagement.Application.csproj", "{BCB385F4-2031-48C6-973D-8FF08C5E0587}"
EndProject
Project("{FAE04EC0-301F-11D3-BF4B-00C04F79EFBC}") = "InventoryManagement.Application.Contract", "InventoryManagement.Application.Contract\InventoryManagement.Application.Contract.csproj", "{C091D548-9AAA-4212-A2FE-6386A157FCFB}"
EndProject
Project("{2150E333-8FDC-42A3-9474-1A3956D46DE8}") = "IM.Infrastucture", "IM.Infrastucture", "{AC1F509B-E0BF-48E6-9E76-D9EFAA193EF8}"
EndProject
Global
	GlobalSection(SolutionConfigurationPlatforms) = preSolution
		Debug|Any CPU = Debug|Any CPU
		Release|Any CPU = Release|Any CPU
	EndGlobalSection
	GlobalSection(ProjectConfigurationPlatforms) = postSolution
		{DDD2F3D5-4993-4163-8793-D68D92A7B4F5}.Debug|Any CPU.ActiveCfg = Debug|Any CPU
		{DDD2F3D5-4993-4163-8793-D68D92A7B4F5}.Debug|Any CPU.Build.0 = Debug|Any CPU
		{DDD2F3D5-4993-4163-8793-D68D92A7B4F5}.Release|Any CPU.ActiveCfg = Release|Any CPU
		{DDD2F3D5-4993-4163-8793-D68D92A7B4F5}.Release|Any CPU.Build.0 = Release|Any CPU
		{2D52C425-4D17-49E8-9268-8B321DA6EEE7}.Debug|Any CPU.ActiveCfg = Debug|Any CPU
		{2D52C425-4D17-49E8-9268-8B321DA6EEE7}.Debug|Any CPU.Build.0 = Debug|Any CPU
		{2D52C425-4D17-49E8-9268-8B321DA6EEE7}.Release|Any CPU.ActiveCfg = Release|Any CPU
		{2D52C425-4D17-49E8-9268-8B321DA6EEE7}.Release|Any CPU.Build.0 = Release|Any CPU
		{0E1E68D6-1FFF-4216-BE17-1566C87828AA}.Debug|Any CPU.ActiveCfg = Debug|Any CPU
		{0E1E68D6-1FFF-4216-BE17-1566C87828AA}.Debug|Any CPU.Build.0 = Debug|Any CPU
		{0E1E68D6-1FFF-4216-BE17-1566C87828AA}.Release|Any CPU.ActiveCfg = Release|Any CPU
		{0E1E68D6-1FFF-4216-BE17-1566C87828AA}.Release|Any CPU.Build.0 = Release|Any CPU
		{16F67646-C7D8-4B7E-8DF5-0F219A6556F3}.Debug|Any CPU.ActiveCfg = Debug|Any CPU
		{16F67646-C7D8-4B7E-8DF5-0F219A6556F3}.Debug|Any CPU.Build.0 = Debug|Any CPU
		{16F67646-C7D8-4B7E-8DF5-0F219A6556F3}.Release|Any CPU.ActiveCfg = Release|Any CPU
		{16F67646-C7D8-4B7E-8DF5-0F219A6556F3}.Release|Any CPU.Build.0 = Release|Any CPU
		{2FF2B800-21DD-4CD1-A595-E2C24287642E}.Debug|Any CPU.ActiveCfg = Debug|Any CPU
		{2FF2B800-21DD-4CD1-A595-E2C24287642E}.Debug|Any CPU.Build.0 = Debug|Any CPU
		{2FF2B800-21DD-4CD1-A595-E2C24287642E}.Release|Any CPU.ActiveCfg = Release|Any CPU
		{2FF2B800-21DD-4CD1-A595-E2C24287642E}.Release|Any CPU.Build.0 = Release|Any CPU
		{0EE2BC42-3F0B-4871-A93C-8230C0E4540D}.Debug|Any CPU.ActiveCfg = Debug|Any CPU
		{0EE2BC42-3F0B-4871-A93C-8230C0E4540D}.Debug|Any CPU.Build.0 = Debug|Any CPU
		{0EE2BC42-3F0B-4871-A93C-8230C0E4540D}.Release|Any CPU.ActiveCfg = Release|Any CPU
		{0EE2BC42-3F0B-4871-A93C-8230C0E4540D}.Release|Any CPU.Build.0 = Release|Any CPU
		{1EF4EF6C-479B-4748-A7B4-4DBEBE653FF9}.Debug|Any CPU.ActiveCfg = Debug|Any CPU
		{1EF4EF6C-479B-4748-A7B4-4DBEBE653FF9}.Debug|Any CPU.Build.0 = Debug|Any CPU
		{1EF4EF6C-479B-4748-A7B4-4DBEBE653FF9}.Release|Any CPU.ActiveCfg = Release|Any CPU
		{1EF4EF6C-479B-4748-A7B4-4DBEBE653FF9}.Release|Any CPU.Build.0 = Release|Any CPU
		{1628051F-9049-4FF3-9056-4F5192C58C28}.Debug|Any CPU.ActiveCfg = Debug|Any CPU
		{1628051F-9049-4FF3-9056-4F5192C58C28}.Debug|Any CPU.Build.0 = Debug|Any CPU
		{1628051F-9049-4FF3-9056-4F5192C58C28}.Release|Any CPU.ActiveCfg = Release|Any CPU
		{1628051F-9049-4FF3-9056-4F5192C58C28}.Release|Any CPU.Build.0 = Release|Any CPU
		{4C4EEC90-0EB5-4580-A0F7-AEC5DAA35BDC}.Debug|Any CPU.ActiveCfg = Debug|Any CPU
		{4C4EEC90-0EB5-4580-A0F7-AEC5DAA35BDC}.Debug|Any CPU.Build.0 = Debug|Any CPU
		{4C4EEC90-0EB5-4580-A0F7-AEC5DAA35BDC}.Release|Any CPU.ActiveCfg = Release|Any CPU
		{4C4EEC90-0EB5-4580-A0F7-AEC5DAA35BDC}.Release|Any CPU.Build.0 = Release|Any CPU
		{BE0FD378-F99A-4C96-B669-54BF2E0974C8}.Debug|Any CPU.ActiveCfg = Debug|Any CPU
		{BE0FD378-F99A-4C96-B669-54BF2E0974C8}.Debug|Any CPU.Build.0 = Debug|Any CPU
		{BE0FD378-F99A-4C96-B669-54BF2E0974C8}.Release|Any CPU.ActiveCfg = Release|Any CPU
		{BE0FD378-F99A-4C96-B669-54BF2E0974C8}.Release|Any CPU.Build.0 = Release|Any CPU
		{DE740E97-B4D1-404F-AC51-31580AF5A1E1}.Debug|Any CPU.ActiveCfg = Debug|Any CPU
		{DE740E97-B4D1-404F-AC51-31580AF5A1E1}.Debug|Any CPU.Build.0 = Debug|Any CPU
		{DE740E97-B4D1-404F-AC51-31580AF5A1E1}.Release|Any CPU.ActiveCfg = Release|Any CPU
		{DE740E97-B4D1-404F-AC51-31580AF5A1E1}.Release|Any CPU.Build.0 = Release|Any CPU
		{CC547BC4-8D80-4F16-8975-98E8B56CBEC6}.Debug|Any CPU.ActiveCfg = Debug|Any CPU
		{CC547BC4-8D80-4F16-8975-98E8B56CBEC6}.Debug|Any CPU.Build.0 = Debug|Any CPU
		{CC547BC4-8D80-4F16-8975-98E8B56CBEC6}.Release|Any CPU.ActiveCfg = Release|Any CPU
		{CC547BC4-8D80-4F16-8975-98E8B56CBEC6}.Release|Any CPU.Build.0 = Release|Any CPU
		{F43D0785-2BEA-4D98-B838-D9E9F39F2B3A}.Debug|Any CPU.ActiveCfg = Debug|Any CPU
		{F43D0785-2BEA-4D98-B838-D9E9F39F2B3A}.Debug|Any CPU.Build.0 = Debug|Any CPU
		{F43D0785-2BEA-4D98-B838-D9E9F39F2B3A}.Release|Any CPU.ActiveCfg = Release|Any CPU
		{F43D0785-2BEA-4D98-B838-D9E9F39F2B3A}.Release|Any CPU.Build.0 = Release|Any CPU
		{B5F59A30-AB26-4728-A9DD-F899BC4D8F0F}.Debug|Any CPU.ActiveCfg = Debug|Any CPU
		{B5F59A30-AB26-4728-A9DD-F899BC4D8F0F}.Debug|Any CPU.Build.0 = Debug|Any CPU
		{B5F59A30-AB26-4728-A9DD-F899BC4D8F0F}.Release|Any CPU.ActiveCfg = Release|Any CPU
		{B5F59A30-AB26-4728-A9DD-F899BC4D8F0F}.Release|Any CPU.Build.0 = Release|Any CPU
		{BCB385F4-2031-48C6-973D-8FF08C5E0587}.Debug|Any CPU.ActiveCfg = Debug|Any CPU
		{BCB385F4-2031-48C6-973D-8FF08C5E0587}.Debug|Any CPU.Build.0 = Debug|Any CPU
		{BCB385F4-2031-48C6-973D-8FF08C5E0587}.Release|Any CPU.ActiveCfg = Release|Any CPU
		{BCB385F4-2031-48C6-973D-8FF08C5E0587}.Release|Any CPU.Build.0 = Release|Any CPU
		{C091D548-9AAA-4212-A2FE-6386A157FCFB}.Debug|Any CPU.ActiveCfg = Debug|Any CPU
		{C091D548-9AAA-4212-A2FE-6386A157FCFB}.Debug|Any CPU.Build.0 = Debug|Any CPU
		{C091D548-9AAA-4212-A2FE-6386A157FCFB}.Release|Any CPU.ActiveCfg = Release|Any CPU
		{C091D548-9AAA-4212-A2FE-6386A157FCFB}.Release|Any CPU.Build.0 = Release|Any CPU
	EndGlobalSection
	GlobalSection(SolutionProperties) = preSolution
		HideSolutionNode = FALSE
	EndGlobalSection
	GlobalSection(NestedProjects) = preSolution
		{4330FE96-2FEF-4FB9-9DFA-F2F5AA01241E} = {56D4EF89-09DA-4876-8F4B-63F9033AA158}
		{DDD2F3D5-4993-4163-8793-D68D92A7B4F5} = {4330FE96-2FEF-4FB9-9DFA-F2F5AA01241E}
		{849D2849-1D6F-41F7-9205-DE42AD44AD19} = {56D4EF89-09DA-4876-8F4B-63F9033AA158}
		{0E1E68D6-1FFF-4216-BE17-1566C87828AA} = {849D2849-1D6F-41F7-9205-DE42AD44AD19}
		{16F67646-C7D8-4B7E-8DF5-0F219A6556F3} = {849D2849-1D6F-41F7-9205-DE42AD44AD19}
		{DAF74AF4-32A7-4B73-948F-713D53DD6568} = {56D4EF89-09DA-4876-8F4B-63F9033AA158}
		{2FF2B800-21DD-4CD1-A595-E2C24287642E} = {DAF74AF4-32A7-4B73-948F-713D53DD6568}
		{0EE2BC42-3F0B-4871-A93C-8230C0E4540D} = {DAF74AF4-32A7-4B73-948F-713D53DD6568}
		{1628051F-9049-4FF3-9056-4F5192C58C28} = {32075E7D-AF4A-43A2-ADC0-B04521D14333}
		{439DE7AA-95E9-42BF-A60C-DB59B0402B45} = {3FED1AB5-93D5-4213-9B50-EEBF5BFD9A17}
		{4C4EEC90-0EB5-4580-A0F7-AEC5DAA35BDC} = {439DE7AA-95E9-42BF-A60C-DB59B0402B45}
		{D767D256-E413-48C9-941E-37F3CFC96C54} = {3FED1AB5-93D5-4213-9B50-EEBF5BFD9A17}
		{BE0FD378-F99A-4C96-B669-54BF2E0974C8} = {D767D256-E413-48C9-941E-37F3CFC96C54}
		{DE740E97-B4D1-404F-AC51-31580AF5A1E1} = {D767D256-E413-48C9-941E-37F3CFC96C54}
		{38D1C9A2-160C-4009-A95E-FFA0C6C56629} = {3FED1AB5-93D5-4213-9B50-EEBF5BFD9A17}
		{CC547BC4-8D80-4F16-8975-98E8B56CBEC6} = {38D1C9A2-160C-4009-A95E-FFA0C6C56629}
		{F43D0785-2BEA-4D98-B838-D9E9F39F2B3A} = {38D1C9A2-160C-4009-A95E-FFA0C6C56629}
		{E9894CE2-8BC6-43D9-98FA-D41019BE663D} = {9D19F309-3B13-42C3-954C-754877774793}
		{B5F59A30-AB26-4728-A9DD-F899BC4D8F0F} = {E9894CE2-8BC6-43D9-98FA-D41019BE663D}
		{83370A2C-26FD-4853-940D-C81C58868324} = {9D19F309-3B13-42C3-954C-754877774793}
		{BCB385F4-2031-48C6-973D-8FF08C5E0587} = {83370A2C-26FD-4853-940D-C81C58868324}
		{C091D548-9AAA-4212-A2FE-6386A157FCFB} = {83370A2C-26FD-4853-940D-C81C58868324}
		{AC1F509B-E0BF-48E6-9E76-D9EFAA193EF8} = {9D19F309-3B13-42C3-954C-754877774793}
	EndGlobalSection
	GlobalSection(ExtensibilityGlobals) = postSolution
		SolutionGuid = {689CB306-E52E-4F67-A849-848A01FBECD5}
	EndGlobalSection
EndGlobal
